github.com/alpacahq/alpacadecimal v0.0.5 h1:IAhAR7Hs/mUXjcx8jnrswuG245+Dkck+hSptCao8Qtg=
github.com/alpacahq/alpacadecimal v0.0.5/go.mod h1:RGlrk0IdAzlsqnONx7wnfvhO5g/9parrcU3HELvbfSI=
github.com/jokruger/dec128 v0.0.0-20250107110609-d995c45a585b h1:GM6fg2FbWnAmdx5jDhskSXye9/hqukfKd3kwXeClHKQ=
github.com/jokruger/dec128 v0.0.0-20250107110609-d995c45a585b/go.mod h1:Ma9N3JyZ9aAV41I7+ms8tyVbENDzwRVL0PbNZsJ2EPo=
github.com/quagmt/udecimal v1.7.0 h1:sHFsa4J0AqmJREqop394PZDYY5AInzCuWx9x+wgmAWk=
github.com/quagmt/udecimal v1.7.0/go.mod h1:ScmJ/xTGZcEoYiyMMzgDLn79PEJHcMBiJ4NNRT3FirA=
github.com/shopspring/decimal v1.4.0 h1:bxl37RwXBklmTi0C79JfXCEBD1cqqHt0bbgBAGFp81k=
github.com/shopspring/decimal v1.4.0/go.mod h1:gawqmDU56v4yIKSwfBSFip1HdCCXN8/+DMd9qYNcwME=
